{
  "name": "jsar-our-earth",
  "version": "1.0.0",
  "lockfileVersion": 3,
  "requires": true,
  "packages": {
    "": {
      "name": "jsar-our-earth",
      "version": "1.0.0",
      "license": "MIT",
      "devDependencies": {
        "@yodaos-jsar/types": "^1.4.0"
      }
    },
    "node_modules/@yodaos-jsar/types": {
      "version": "1.4.0",
      "resolved": "https://registry.npmmirror.com/@yodaos-jsar/types/-/types-1.4.0.tgz",
      "integrity": "sha512-KyZ+PoHzkrRkZbiHnRJA/hTJgwb9KGJ31WeTQzZgDtYsXMMb9RKhQqdNiA3qVfh2hJeBGMtDKTb04lZj8rdOrw==",
      "dev": true
    }
  }
}
